// !$*UTF8*$!
{
	archiveVersion = 1;
	classes = {
	};
	objectVersion = 46;
	objects = {

/* Begin PBXBuildFile section */
		3C26C65F1D18D4CF0080EA44 /* AppDelegate.swift in Sources */ = {isa = PBXBuildFile; fileRef = 3C26C65E1D18D4CF0080EA44 /* AppDelegate.swift */; };
		3C26C6611D18D4CF0080EA44 /* ViewController.swift in Sources */ = {isa = PBXBuildFile; fileRef = 3C26C6601D18D4CF0080EA44 /* ViewController.swift */; };
		3C26C6641D18D4CF0080EA44 /* Main.storyboard in Resources */ = {isa = PBXBuildFile; fileRef = 3C26C6621D18D4CF0080EA44 /* Main.storyboard */; };
		3C26C6661D18D4CF0080EA44 /* Assets.xcassets in Resources */ = {isa = PBXBuildFile; fileRef = 3C26C6651D18D4CF0080EA44 /* Assets.xcassets */; };
		3C26C6691D18D4CF0080EA44 /* LaunchScreen.storyboard in Resources */ = {isa = PBXBuildFile; fileRef = 3C26C6671D18D4CF0080EA44 /* LaunchScreen.storyboard */; };
		3C26C6741D18D4CF0080EA44 /* BLETests.swift in Sources */ = {isa = PBXBuildFile; fileRef = 3C26C6731D18D4CF0080EA44 /* BLETests.swift */; };
		3C26C67F1D18D4CF0080EA44 /* BLEUITests.swift in Sources */ = {isa = PBXBuildFile; fileRef = 3C26C67E1D18D4CF0080EA44 /* BLEUITests.swift */; };
		3C26C68D1D18D5010080EA44 /* Presenter.swift in Sources */ = {isa = PBXBuildFile; fileRef = 3C26C68C1D18D5010080EA44 /* Presenter.swift */; };
		3C26C68F1D18D6940080EA44 /* UIInterface.swift in Sources */ = {isa = PBXBuildFile; fileRef = 3C26C68E1D18D6940080EA44 /* UIInterface.swift */; };
		3C26C6921D18E4EA0080EA44 /* BLEManager.swift in Sources */ = {isa = PBXBuildFile; fileRef = 3C26C6911D18E4EA0080EA44 /* BLEManager.swift */; };
		3C4DFB6A1D1A403D00D01618 /* SensorTag.swift in Sources */ = {isa = PBXBuildFile; fileRef = 3C4DFB691D1A403D00D01618 /* SensorTag.swift */; };
		3C4DFB6C1D1A413200D01618 /* PresenterTests.swift in Sources */ = {isa = PBXBuildFile; fileRef = 3C4DFB6B1D1A413200D01618 /* PresenterTests.swift */; };
		3CB846381D1A4ED000786E33 /* SensorTagDelegate.swift in Sources */ = {isa = PBXBuildFile; fileRef = 3CB846371D1A4ED000786E33 /* SensorTagDelegate.swift */; };
/* End PBXBuildFile section */

/* Begin PBXContainerItemProxy section */
		3C26C6701D18D4CF0080EA44 /* PBXContainerItemProxy */ = {
			isa = PBXContainerItemProxy;
			containerPortal = 3C26C6531D18D4CF0080EA44 /* Project object */;
			proxyType = 1;
			remoteGlobalIDString = 3C26C65A1D18D4CF0080EA44;
			remoteInfo = BLE;
		};
		3C26C67B1D18D4CF0080EA44 /* PBXContainerItemProxy */ = {
			isa = PBXContainerItemProxy;
			containerPortal = 3C26C6531D18D4CF0080EA44 /* Project object */;
			proxyType = 1;
			remoteGlobalIDString = 3C26C65A1D18D4CF0080EA44;
			remoteInfo = BLE;
		};
/* End PBXContainerItemProxy section */

/* Begin PBXFileReference section */
		3C26C65B1D18D4CF0080EA44 /* BLE.app */ = {isa = PBXFileReference; explicitFileType = wrapper.application; includeInIndex = 0; path = BLE.app; sourceTree = BUILT_PRODUCTS_DIR; };
		3C26C65E1D18D4CF0080EA44 /* AppDelegate.swift */ = {isa = PBXFileReference; lastKnownFileType = sourcecode.swift; path = AppDelegate.swift; sourceTree = "<group>"; };
		3C26C6601D18D4CF0080EA44 /* ViewController.swift */ = {isa = PBXFileReference; lastKnownFileType = sourcecode.swift; path = ViewController.swift; sourceTree = "<group>"; };
		3C26C6631D18D4CF0080EA44 /* Base */ = {isa = PBXFileReference; lastKnownFileType = file.storyboard; name = Base; path = Base.lproj/Main.storyboard; sourceTree = "<group>"; };
		3C26C6651D18D4CF0080EA44 /* Assets.xcassets */ = {isa = PBXFileReference; lastKnownFileType = folder.assetcatalog; path = Assets.xcassets; sourceTree = "<group>"; };
		3C26C6681D18D4CF0080EA44 /* Base */ = {isa = PBXFileReference; lastKnownFileType = file.storyboard; name = Base; path = Base.lproj/LaunchScreen.storyboard; sourceTree = "<group>"; };
		3C26C66A1D18D4CF0080EA44 /* Info.plist */ = {isa = PBXFileReference; lastKnownFileType = text.plist.xml; path = Info.plist; sourceTree = "<group>"; };
		3C26C66F1D18D4CF0080EA44 /* BLETests.xctest */ = {isa = PBXFileReference; explicitFileType = wrapper.cfbundle; includeInIndex = 0; path = BLETests.xctest; sourceTree = BUILT_PRODUCTS_DIR; };
		3C26C6731D18D4CF0080EA44 /* BLETests.swift */ = {isa = PBXFileReference; lastKnownFileType = sourcecode.swift; path = BLETests.swift; sourceTree = "<group>"; };
		3C26C6751D18D4CF0080EA44 /* Info.plist */ = {isa = PBXFileReference; lastKnownFileType = text.plist.xml; path = Info.plist; sourceTree = "<group>"; };
		3C26C67A1D18D4CF0080EA44 /* BLEUITests.xctest */ = {isa = PBXFileReference; explicitFileType = wrapper.cfbundle; includeInIndex = 0; path = BLEUITests.xctest; sourceTree = BUILT_PRODUCTS_DIR; };
		3C26C67E1D18D4CF0080EA44 /* BLEUITests.swift */ = {isa = PBXFileReference; lastKnownFileType = sourcecode.swift; path = BLEUITests.swift; sourceTree = "<group>"; };
		3C26C6801D18D4CF0080EA44 /* Info.plist */ = {isa = PBXFileReference; lastKnownFileType = text.plist.xml; path = Info.plist; sourceTree = "<group>"; };
		3C26C68C1D18D5010080EA44 /* Presenter.swift */ = {isa = PBXFileReference; fileEncoding = 4; lastKnownFileType = sourcecode.swift; path = Presenter.swift; sourceTree = "<group>"; };
		3C26C68E1D18D6940080EA44 /* UIInterface.swift */ = {isa = PBXFileReference; fileEncoding = 4; lastKnownFileType = sourcecode.swift; path = UIInterface.swift; sourceTree = "<group>"; };
		3C26C6911D18E4EA0080EA44 /* BLEManager.swift */ = {isa = PBXFileReference; fileEncoding = 4; lastKnownFileType = sourcecode.swift; path = BLEManager.swift; sourceTree = "<group>"; };
		3C4DFB691D1A403D00D01618 /* SensorTag.swift */ = {isa = PBXFileReference; fileEncoding = 4; lastKnownFileType = sourcecode.swift; path = SensorTag.swift; sourceTree = "<group>"; };
		3C4DFB6B1D1A413200D01618 /* PresenterTests.swift */ = {isa = PBXFileReference; fileEncoding = 4; lastKnownFileType = sourcecode.swift; path = PresenterTests.swift; sourceTree = "<group>"; };
		3CB846371D1A4ED000786E33 /* SensorTagDelegate.swift */ = {isa = PBXFileReference; fileEncoding = 4; lastKnownFileType = sourcecode.swift; path = SensorTagDelegate.swift; sourceTree = "<group>"; };
/* End PBXFileReference section */

/* Begin PBXFrameworksBuildPhase section */
		3C26C6581D18D4CF0080EA44 /* Frameworks */ = {
			isa = PBXFrameworksBuildPhase;
			buildActionMask = 2147483647;
			files = (
			);
			runOnlyForDeploymentPostprocessing = 0;
		};
		3C26C66C1D18D4CF0080EA44 /* Frameworks */ = {
			isa = PBXFrameworksBuildPhase;
			buildActionMask = 2147483647;
			files = (
			);
			runOnlyForDeploymentPostprocessing = 0;
		};
		3C26C6771D18D4CF0080EA44 /* Frameworks */ = {
			isa = PBXFrameworksBuildPhase;
			buildActionMask = 2147483647;
			files = (
			);
			runOnlyForDeploymentPostprocessing = 0;
		};
/* End PBXFrameworksBuildPhase section */

/* Begin PBXGroup section */
		3C26C6521D18D4CF0080EA44 = {
			isa = PBXGroup;
			children = (
				3C26C65D1D18D4CF0080EA44 /* BLE */,
				3C26C6721D18D4CF0080EA44 /* BLETests */,
				3C26C67D1D18D4CF0080EA44 /* BLEUITests */,
				3C26C65C1D18D4CF0080EA44 /* Products */,
			);
			sourceTree = "<group>";
		};
		3C26C65C1D18D4CF0080EA44 /* Products */ = {
			isa = PBXGroup;
			children = (
				3C26C65B1D18D4CF0080EA44 /* BLE.app */,
				3C26C66F1D18D4CF0080EA44 /* BLETests.xctest */,
				3C26C67A1D18D4CF0080EA44 /* BLEUITests.xctest */,
			);
			name = Products;
			sourceTree = "<group>";
		};
		3C26C65D1D18D4CF0080EA44 /* BLE */ = {
			isa = PBXGroup;
			children = (
				3C26C6901D18E4D40080EA44 /* Bluetooth */,
				3C26C65E1D18D4CF0080EA44 /* AppDelegate.swift */,
				3C26C6601D18D4CF0080EA44 /* ViewController.swift */,
				3C26C68C1D18D5010080EA44 /* Presenter.swift */,
				3C26C68E1D18D6940080EA44 /* UIInterface.swift */,
				3C26C6621D18D4CF0080EA44 /* Main.storyboard */,
				3C26C6651D18D4CF0080EA44 /* Assets.xcassets */,
				3C26C6671D18D4CF0080EA44 /* LaunchScreen.storyboard */,
				3C26C66A1D18D4CF0080EA44 /* Info.plist */,
			);
			path = BLE;
			sourceTree = "<group>";
		};
		3C26C6721D18D4CF0080EA44 /* BLETests */ = {
			isa = PBXGroup;
			children = (
				3C26C6731D18D4CF0080EA44 /* BLETests.swift */,
				3C26C6751D18D4CF0080EA44 /* Info.plist */,
				3C4DFB6B1D1A413200D01618 /* PresenterTests.swift */,
			);
			path = BLETests;
			sourceTree = "<group>";
		};
		3C26C67D1D18D4CF0080EA44 /* BLEUITests */ = {
			isa = PBXGroup;
			children = (
				3C26C67E1D18D4CF0080EA44 /* BLEUITests.swift */,
				3C26C6801D18D4CF0080EA44 /* Info.plist */,
			);
			path = BLEUITests;
			sourceTree = "<group>";
		};
		3C26C6901D18E4D40080EA44 /* Bluetooth */ = {
			isa = PBXGroup;
			children = (
				3C26C6911D18E4EA0080EA44 /* BLEManager.swift */,
				3C4DFB691D1A403D00D01618 /* SensorTag.swift */,
				3CB846371D1A4ED000786E33 /* SensorTagDelegate.swift */,
			);
			name = Bluetooth;
			sourceTree = "<group>";
		};
/* End PBXGroup section */

/* Begin PBXNativeTarget section */
		3C26C65A1D18D4CF0080EA44 /* BLE */ = {
			isa = PBXNativeTarget;
			buildConfigurationList = 3C26C6831D18D4CF0080EA44 /* Build configuration list for PBXNativeTarget "BLE" */;
			buildPhases = (
				3C26C6571D18D4CF0080EA44 /* Sources */,
				3C26C6581D18D4CF0080EA44 /* Frameworks */,
				3C26C6591D18D4CF0080EA44 /* Resources */,
			);
			buildRules = (
			);
			dependencies = (
			);
			name = BLE;
			productName = BLE;
			productReference = 3C26C65B1D18D4CF0080EA44 /* BLE.app */;
			productType = "com.apple.product-type.application";
		};
		3C26C66E1D18D4CF0080EA44 /* BLETests */ = {
			isa = PBXNativeTarget;
			buildConfigurationList = 3C26C6861D18D4CF0080EA44 /* Build configuration list for PBXNativeTarget "BLETests" */;
			buildPhases = (
				3C26C66B1D18D4CF0080EA44 /* Sources */,
				3C26C66C1D18D4CF0080EA44 /* Frameworks */,
				3C26C66D1D18D4CF0080EA44 /* Resources */,
			);
			buildRules = (
			);
			dependencies = (
				3C26C6711D18D4CF0080EA44 /* PBXTargetDependency */,
			);
			name = BLETests;
			productName = BLETests;
			productReference = 3C26C66F1D18D4CF0080EA44 /* BLETests.xctest */;
			productType = "com.apple.product-type.bundle.unit-test";
		};
		3C26C6791D18D4CF0080EA44 /* BLEUITests */ = {
			isa = PBXNativeTarget;
			buildConfigurationList = 3C26C6891D18D4CF0080EA44 /* Build configuration list for PBXNativeTarget "BLEUITests" */;
			buildPhases = (
				3C26C6761D18D4CF0080EA44 /* Sources */,
				3C26C6771D18D4CF0080EA44 /* Frameworks */,
				3C26C6781D18D4CF0080EA44 /* Resources */,
			);
			buildRules = (
			);
			dependencies = (
				3C26C67C1D18D4CF0080EA44 /* PBXTargetDependency */,
			);
			name = BLEUITests;
			productName = BLEUITests;
			productReference = 3C26C67A1D18D4CF0080EA44 /* BLEUITests.xctest */;
			productType = "com.apple.product-type.bundle.ui-testing";
		};
/* End PBXNativeTarget section */

/* Begin PBXProject section */
		3C26C6531D18D4CF0080EA44 /* Project object */ = {
			isa = PBXProject;
			attributes = {
				LastSwiftUpdateCheck = 0730;
				LastUpgradeCheck = 0800;
				ORGANIZATIONNAME = "Daniel Wallace";
				TargetAttributes = {
					3C26C65A1D18D4CF0080EA44 = {
						CreatedOnToolsVersion = 7.3.1;
						DevelopmentTeam = JP5YDXJS2P;
						DevelopmentTeamName = "Daniel Wallace";
						LastSwiftMigration = 0800;
					};
					3C26C66E1D18D4CF0080EA44 = {
						CreatedOnToolsVersion = 7.3.1;
						LastSwiftMigration = 0800;
						TestTargetID = 3C26C65A1D18D4CF0080EA44;
					};
					3C26C6791D18D4CF0080EA44 = {
						CreatedOnToolsVersion = 7.3.1;
						LastSwiftMigration = 0800;
						TestTargetID = 3C26C65A1D18D4CF0080EA44;
					};
				};
			};
			buildConfigurationList = 3C26C6561D18D4CF0080EA44 /* Build configuration list for PBXProject "BLE" */;
			compatibilityVersion = "Xcode 3.2";
			developmentRegion = English;
			hasScannedForEncodings = 0;
			knownRegions = (
				en,
				Base,
			);
			mainGroup = 3C26C6521D18D4CF0080EA44;
			productRefGroup = 3C26C65C1D18D4CF0080EA44 /* Products */;
			projectDirPath = "";
			projectRoot = "";
			targets = (
				3C26C65A1D18D4CF0080EA44 /* BLE */,
				3C26C66E1D18D4CF0080EA44 /* BLETests */,
				3C26C6791D18D4CF0080EA44 /* BLEUITests */,
			);
		};
/* End PBXProject section */

/* Begin PBXResourcesBuildPhase section */
		3C26C6591D18D4CF0080EA44 /* Resources */ = {
			isa = PBXResourcesBuildPhase;
			buildActionMask = 2147483647;
			files = (
				3C26C6691D18D4CF0080EA44 /* LaunchScreen.storyboard in Resources */,
				3C26C6661D18D4CF0080EA44 /* Assets.xcassets in Resources */,
				3C26C6641D18D4CF0080EA44 /* Main.storyboard in Resources */,
			);
			runOnlyForDeploymentPostprocessing = 0;
		};
		3C26C66D1D18D4CF0080EA44 /* Resources */ = {
			isa = PBXResourcesBuildPhase;
			buildActionMask = 2147483647;
			files = (
			);
			runOnlyForDeploymentPostprocessing = 0;
		};
		3C26C6781D18D4CF0080EA44 /* Resources */ = {
			isa = PBXResourcesBuildPhase;
			buildActionMask = 2147483647;
			files = (
			);
			runOnlyForDeploymentPostprocessing = 0;
		};
/* End PBXResourcesBuildPhase section */

/* Begin PBXSourcesBuildPhase section */
		3C26C6571D18D4CF0080EA44 /* Sources */ = {
			isa = PBXSourcesBuildPhase;
			buildActionMask = 2147483647;
			files = (
				3CB846381D1A4ED000786E33 /* SensorTagDelegate.swift in Sources */,
				3C26C68D1D18D5010080EA44 /* Presenter.swift in Sources */,
				3C26C6611D18D4CF0080EA44 /* ViewController.swift in Sources */,
				3C26C6921D18E4EA0080EA44 /* BLEManager.swift in Sources */,
				3C26C65F1D18D4CF0080EA44 /* AppDelegate.swift in Sources */,
				3C4DFB6A1D1A403D00D01618 /* SensorTag.swift in Sources */,
				3C26C68F1D18D6940080EA44 /* UIInterface.swift in Sources */,
			);
			runOnlyForDeploymentPostprocessing = 0;
		};
		3C26C66B1D18D4CF0080EA44 /* Sources */ = {
			isa = PBXSourcesBuildPhase;
			buildActionMask = 2147483647;
			files = (
				3C4DFB6C1D1A413200D01618 /* PresenterTests.swift in Sources */,
				3C26C6741D18D4CF0080EA44 /* BLETests.swift in Sources */,
			);
			runOnlyForDeploymentPostprocessing = 0;
		};
		3C26C6761D18D4CF0080EA44 /* Sources */ = {
			isa = PBXSourcesBuildPhase;
			buildActionMask = 2147483647;
			files = (
				3C26C67F1D18D4CF0080EA44 /* BLEUITests.swift in Sources */,
			);
			runOnlyForDeploymentPostprocessing = 0;
		};
/* End PBXSourcesBuildPhase section */

/* Begin PBXTargetDependency section */
		3C26C6711D18D4CF0080EA44 /* PBXTargetDependency */ = {
			isa = PBXTargetDependency;
			target = 3C26C65A1D18D4CF0080EA44 /* BLE */;
			targetProxy = 3C26C6701D18D4CF0080EA44 /* PBXContainerItemProxy */;
		};
		3C26C67C1D18D4CF0080EA44 /* PBXTargetDependency */ = {
			isa = PBXTargetDependency;
			target = 3C26C65A1D18D4CF0080EA44 /* BLE */;
			targetProxy = 3C26C67B1D18D4CF0080EA44 /* PBXContainerItemProxy */;
		};
/* End PBXTargetDependency section */

/* Begin PBXVariantGroup section */
		3C26C6621D18D4CF0080EA44 /* Main.storyboard */ = {
			isa = PBXVariantGroup;
			children = (
				3C26C6631D18D4CF0080EA44 /* Base */,
			);
			name = Main.storyboard;
			sourceTree = "<group>";
		};
		3C26C6671D18D4CF0080EA44 /* LaunchScreen.storyboard */ = {
			isa = PBXVariantGroup;
			children = (
				3C26C6681D18D4CF0080EA44 /* Base */,
			);
			name = LaunchScreen.storyboard;
			sourceTree = "<group>";
		};
/* End PBXVariantGroup section */

/* Begin XCBuildConfiguration section */
		3C26C6811D18D4CF0080EA44 /* Debug */ = {
			isa = XCBuildConfiguration;
			buildSettings = {
				ALWAYS_SEARCH_USER_PATHS = NO;
				CLANG_ANALYZER_NONNULL = YES;
				CLANG_CXX_LANGUAGE_STANDARD = "gnu++0x";
				CLANG_CXX_LIBRARY = "libc++";
				CLANG_ENABLE_MODULES = YES;
				CLANG_ENABLE_OBJC_ARC = YES;
				CLANG_WARN_BOOL_CONVERSION = YES;
				CLANG_WARN_CONSTANT_CONVERSION = YES;
				CLANG_WARN_DIRECT_OBJC_ISA_USAGE = YES_ERROR;
				CLANG_WARN_EMPTY_BODY = YES;
				CLANG_WARN_ENUM_CONVERSION = YES;
				CLANG_WARN_INT_CONVERSION = YES;
				CLANG_WARN_OBJC_ROOT_CLASS = YES_ERROR;
				CLANG_WARN_UNREACHABLE_CODE = YES;
				CLANG_WARN__DUPLICATE_METHOD_MATCH = YES;
				"CODE_SIGN_IDENTITY[sdk=iphoneos*]" = "iPhone Developer";
				COPY_PHASE_STRIP = NO;
				DEBUG_INFORMATION_FORMAT = dwarf;
				ENABLE_STRICT_OBJC_MSGSEND = YES;
				ENABLE_TESTABILITY = YES;
				GCC_C_LANGUAGE_STANDARD = gnu99;
				GCC_DYNAMIC_NO_PIC = NO;
				GCC_NO_COMMON_BLOCKS = YES;
				GCC_OPTIMIZATION_LEVEL = 0;
				GCC_PREPROCESSOR_DEFINITIONS = (
					"DEBUG=1",
					"$(inherited)",
				);
				GCC_WARN_64_TO_32_BIT_CONVERSION = YES;
				GCC_WARN_ABOUT_RETURN_TYPE = YES_ERROR;
				GCC_WARN_UNDECLARED_SELECTOR = YES;
				GCC_WARN_UNINITIALIZED_AUTOS = YES_AGGRESSIVE;
				GCC_WARN_UNUSED_FUNCTION = YES;
				GCC_WARN_UNUSED_VARIABLE = YES;
				IPHONEOS_DEPLOYMENT_TARGET = 9.3;
				MTL_ENABLE_DEBUG_INFO = YES;
				ONLY_ACTIVE_ARCH = YES;
				SDKROOT = iphoneos;
				SWIFT_OPTIMIZATION_LEVEL = "-Onone";
				TARGETED_DEVICE_FAMILY = "1,2";
			};
			name = Debug;
		};
		3C26C6821D18D4CF0080EA44 /* Release */ = {
			isa = XCBuildConfiguration;
			buildSettings = {
				ALWAYS_SEARCH_USER_PATHS = NO;
				CLANG_ANALYZER_NONNULL = YES;
				CLANG_CXX_LANGUAGE_STANDARD = "gnu++0x";
				CLANG_CXX_LIBRARY = "libc++";
				CLANG_ENABLE_MODULES = YES;
				CLANG_ENABLE_OBJC_ARC = YES;
				CLANG_WARN_BOOL_CONVERSION = YES;
				CLANG_WARN_CONSTANT_CONVERSION = YES;
				CLANG_WARN_DIRECT_OBJC_ISA_USAGE = YES_ERROR;
				CLANG_WARN_EMPTY_BODY = YES;
				CLANG_WARN_ENUM_CONVERSION = YES;
				CLANG_WARN_INT_CONVERSION = YES;
				CLANG_WARN_OBJC_ROOT_CLASS = YES_ERROR;
				CLANG_WARN_UNREACHABLE_CODE = YES;
				CLANG_WARN__DUPLICATE_METHOD_MATCH = YES;
				"CODE_SIGN_IDENTITY[sdk=iphoneos*]" = "iPhone Developer";
				COPY_PHASE_STRIP = NO;
				DEBUG_INFORMATION_FORMAT = "dwarf-with-dsym";
				ENABLE_NS_ASSERTIONS = NO;
				ENABLE_STRICT_OBJC_MSGSEND = YES;
				GCC_C_LANGUAGE_STANDARD = gnu99;
				GCC_NO_COMMON_BLOCKS = YES;
				GCC_WARN_64_TO_32_BIT_CONVERSION = YES;
				GCC_WARN_ABOUT_RETURN_TYPE = YES_ERROR;
				GCC_WARN_UNDECLARED_SELECTOR = YES;
				GCC_WARN_UNINITIALIZED_AUTOS = YES_AGGRESSIVE;
				GCC_WARN_UNUSED_FUNCTION = YES;
				GCC_WARN_UNUSED_VARIABLE = YES;
				IPHONEOS_DEPLOYMENT_TARGET = 9.3;
				MTL_ENABLE_DEBUG_INFO = NO;
				SDKROOT = iphoneos;
				TARGETED_DEVICE_FAMILY = "1,2";
				VALIDATE_PRODUCT = YES;
			};
			name = Release;
		};
		3C26C6841D18D4CF0080EA44 /* Debug */ = {
			isa = XCBuildConfiguration;
			buildSettings = {
				ASSETCATALOG_COMPILER_APPICON_NAME = AppIcon;
				INFOPLIST_FILE = BLE/Info.plist;
				LD_RUNPATH_SEARCH_PATHS = "$(inherited) @executable_path/Frameworks";
				PRODUCT_BUNDLE_IDENTIFIER = nz.co.danielw.BLE;
				PRODUCT_NAME = "$(TARGET_NAME)";
				SWIFT_VERSION = 3.0;
			};
			name = Debug;
		};
		3C26C6851D18D4CF0080EA44 /* Release */ = {
			isa = XCBuildConfiguration;
			buildSettings = {
				ASSETCATALOG_COMPILER_APPICON_NAME = AppIcon;
				INFOPLIST_FILE = BLE/Info.plist;
				LD_RUNPATH_SEARCH_PATHS = "$(inherited) @executable_path/Frameworks";
				PRODUCT_BUNDLE_IDENTIFIER = nz.co.danielw.BLE;
				PRODUCT_NAME = "$(TARGET_NAME)";
				SWIFT_OPTIMIZATION_LEVEL = "-Owholemodule";
				SWIFT_VERSION = 3.0;
			};
			name = Release;
		};
		3C26C6871D18D4CF0080EA44 /* Debug */ = {
			isa = XCBuildConfiguration;
			buildSettings = {
				BUNDLE_LOADER = "$(TEST_HOST)";
				INFOPLIST_FILE = BLETests/Info.plist;
				LD_RUNPATH_SEARCH_PATHS = "$(inherited) @executable_path/Frameworks @loader_path/Frameworks";
				PRODUCT_BUNDLE_IDENTIFIER = nz.co.danielw.BLETests;
				PRODUCT_NAME = "$(TARGET_NAME)";
				SWIFT_VERSION = 3.0;
				TEST_HOST = "$(BUILT_PRODUCTS_DIR)/BLE.app/BLE";
			};
			name = Debug;
		};
		3C26C6881D18D4CF0080EA44 /* Release */ = {
			isa = XCBuildConfiguration;
			buildSettings = {
				BUNDLE_LOADER = "$(TEST_HOST)";
				INFOPLIST_FILE = BLETests/Info.plist;
				LD_RUNPATH_SEARCH_PATHS = "$(inherited) @executable_path/Frameworks @loader_path/Frameworks";
				PRODUCT_BUNDLE_IDENTIFIER = nz.co.danielw.BLETests;
				PRODUCT_NAME = "$(TARGET_NAME)";
				SWIFT_OPTIMIZATION_LEVEL = "-Owholemodule";
				SWIFT_VERSION = 3.0;
				TEST_HOST = "$(BUILT_PRODUCTS_DIR)/BLE.app/BLE";
			};
			name = Release;
		};
		3C26C68A1D18D4CF0080EA44 /* Debug */ = {
			isa = XCBuildConfiguration;
			buildSettings = {
				INFOPLIST_FILE = BLEUITests/Info.plist;
				LD_RUNPATH_SEARCH_PATHS = "$(inherited) @executable_path/Frameworks @loader_path/Frameworks";
				PRODUCT_BUNDLE_IDENTIFIER = nz.co.danielw.BLEUITests;
				PRODUCT_NAME = "$(TARGET_NAME)";
				SWIFT_VERSION = 3.0;
				TEST_TARGET_NAME = BLE;
			};
			name = Debug;
		};
		3C26C68B1D18D4CF0080EA44 /* Release */ = {
			isa = XCBuildConfiguration;
			buildSettings = {
				INFOPLIST_FILE = BLEUITests/Info.plist;
				LD_RUNPATH_SEARCH_PATHS = "$(inherited) @executable_path/Frameworks @loader_path/Frameworks";
				PRODUCT_BUNDLE_IDENTIFIER = nz.co.danielw.BLEUITests;
				PRODUCT_NAME = "$(TARGET_NAME)";
				SWIFT_OPTIMIZATION_LEVEL = "-Owholemodule";
				SWIFT_VERSION = 3.0;
				TEST_TARGET_NAME = BLE;
			};
			name = Release;
		};
/* End XCBuildConfiguration section */

/* Begin XCConfigurationList section */
		3C26C6561D18D4CF0080EA44 /* Build configuration list for PBXProject "BLE" */ = {
			isa = XCConfigurationList;
			buildConfigurations = (
				3C26C6811D18D4CF0080EA44 /* Debug */,
				3C26C6821D18D4CF0080EA44 /* Release */,
			);
			defaultConfigurationIsVisible = 0;
			defaultConfigurationName = Release;
		};
		3C26C6831D18D4CF0080EA44 /* Build configuration list for PBXNativeTarget "BLE" */ = {
			isa = XCConfigurationList;
			buildConfigurations = (
				3C26C6841D18D4CF0080EA44 /* Debug */,
				3C26C6851D18D4CF0080EA44 /* Release */,
			);
			defaultConfigurationIsVisible = 0;
			defaultConfigurationName = Release;
		};
		3C26C6861D18D4CF0080EA44 /* Build configuration list for PBXNativeTarget "BLETests" */ = {
			isa = XCConfigurationList;
			buildConfigurations = (
				3C26C6871D18D4CF0080EA44 /* Debug */,
				3C26C6881D18D4CF0080EA44 /* Release */,
			);
			defaultConfigurationIsVisible = 0;
			defaultConfigurationName = Release;
		};
		3C26C6891D18D4CF0080EA44 /* Build configuration list for PBXNativeTarget "BLEUITests" */ = {
			isa = XCConfigurationList;
			buildConfigurations = (
				3C26C68A1D18D4CF0080EA44 /* Debug */,
				3C26C68B1D18D4CF0080EA44 /* Release */,
			);
			defaultConfigurationIsVisible = 0;
			defaultConfigurationName = Release;
		};
/* End XCConfigurationList section */
	};
	rootObject = 3C26C6531D18D4CF0080EA44 /* Project object */;
}
